
Microsoft Visual Studio Solution File, Format Version 10.00
# Visual C# Express 2008
Project("{FAE04EC0-301F-11D3-BF4B-00C04F79EFBC}") = "VncSharp", "VncSharp\VncSharp.csproj", "{E0695F0F-0FAF-44BC-AE55-A1FCBFE70271}"
EndProject
Project("{FAE04EC0-301F-11D3-BF4B-00C04F79EFBC}") = "WPFClient", "VNCClient\WPFClient.csproj", "{EE39AEA2-6C82-4391-8CB6-3832E68A7C40}"
EndProject
Project("{FAE04EC0-301F-11D3-BF4B-00C04F79EFBC}") = "VncSharpExampleCS", "VncSharpExampleCS\VncSharpExampleCS.csproj", "{E36FC4D2-4E6C-4905-8FD8-D604F9772F3A}"
EndProject
Project("{FAE04EC0-301F-11D3-BF4B-00C04F79EFBC}") = "PhoneVortex", "PhoneVortex\PhoneVortex.csproj", "{2D041DDE-E309-4BB6-9DA8-07CCF42A089F}"
EndProject
Global
	GlobalSection(SolutionConfigurationPlatforms) = preSolution
		Debug|Any CPU = Debug|Any CPU
		Release|Any CPU = Release|Any CPU
	EndGlobalSection
	GlobalSection(ProjectConfigurationPlatforms) = postSolution
		{E0695F0F-0FAF-44BC-AE55-A1FCBFE70271}.Debug|Any CPU.ActiveCfg = Debug|Any CPU
		{E0695F0F-0FAF-44BC-AE55-A1FCBFE70271}.Debug|Any CPU.Build.0 = Debug|Any CPU
		{E0695F0F-0FAF-44BC-AE55-A1FCBFE70271}.Release|Any CPU.ActiveCfg = Release|Any CPU
		{E0695F0F-0FAF-44BC-AE55-A1FCBFE70271}.Release|Any CPU.Build.0 = Release|Any CPU
		{EE39AEA2-6C82-4391-8CB6-3832E68A7C40}.Debug|Any CPU.ActiveCfg = Debug|Any CPU
		{EE39AEA2-6C82-4391-8CB6-3832E68A7C40}.Debug|Any CPU.Build.0 = Debug|Any CPU
		{EE39AEA2-6C82-4391-8CB6-3832E68A7C40}.Release|Any CPU.ActiveCfg = Release|Any CPU
		{EE39AEA2-6C82-4391-8CB6-3832E68A7C40}.Release|Any CPU.Build.0 = Release|Any CPU
		{E36FC4D2-4E6C-4905-8FD8-D604F9772F3A}.Debug|Any CPU.ActiveCfg = Debug|Any CPU
		{E36FC4D2-4E6C-4905-8FD8-D604F9772F3A}.Debug|Any CPU.Build.0 = Debug|Any CPU
		{E36FC4D2-4E6C-4905-8FD8-D604F9772F3A}.Release|Any CPU.ActiveCfg = Release|Any CPU
		{E36FC4D2-4E6C-4905-8FD8-D604F9772F3A}.Release|Any CPU.Build.0 = Release|Any CPU
		{2D041DDE-E309-4BB6-9DA8-07CCF42A089F}.Debug|Any CPU.ActiveCfg = Debug|Any CPU
		{2D041DDE-E309-4BB6-9DA8-07CCF42A089F}.Debug|Any CPU.Build.0 = Debug|Any CPU
		{2D041DDE-E309-4BB6-9DA8-07CCF42A089F}.Release|Any CPU.ActiveCfg = Release|Any CPU
		{2D041DDE-E309-4BB6-9DA8-07CCF42A089F}.Release|Any CPU.Build.0 = Release|Any CPU
	EndGlobalSection
	GlobalSection(SolutionProperties) = preSolution
		HideSolutionNode = FALSE
	EndGlobalSection
EndGlobal
